
Microsoft Visual Studio Solution File, Format Version 12.00
# Visual Studio Version 17
VisualStudioVersion = 17.6.33717.318
MinimumVisualStudioVersion = 10.0.40219.1
Project("{FAE04EC0-301F-11D3-BF4B-00C04F79EFBC}") = "MathGame", "MathGame\MathGame.csproj", "{B31861B5-235E-422B-BB4C-B3F43BDEA606}"
EndProject
Global
	GlobalSection(SolutionConfigurationPlatforms) = preSolution
		Debug|Any CPU = Debug|Any CPU
		Release|Any CPU = Release|Any CPU
	EndGlobalSection
	GlobalSection(ProjectConfigurationPlatforms) = postSolution
		{B31861B5-235E-422B-BB4C-B3F43BDEA606}.Debug|Any CPU.ActiveCfg = Debug|Any CPU
		{B31861B5-235E-422B-BB4C-B3F43BDEA606}.Debug|Any CPU.Build.0 = Debug|Any CPU
		{B31861B5-235E-422B-BB4C-B3F43BDEA606}.Release|Any CPU.ActiveCfg = Release|Any CPU
		{B31861B5-235E-422B-BB4C-B3F43BDEA606}.Release|Any CPU.Build.0 = Release|Any CPU
	EndGlobalSection
	GlobalSection(SolutionProperties) = preSolution
		HideSolutionNode = FALSE
	EndGlobalSection
	GlobalSection(ExtensibilityGlobals) = postSolution
		SolutionGuid = {E2A07B44-5645-4E48-90F7-A97457FBC9C3}
	EndGlobalSection
EndGlobal
